
Microsoft Visual Studio Solution File, Format Version 12.00
# Visual Studio Version 17
VisualStudioVersion = 17.13.35825.156
MinimumVisualStudioVersion = 10.0.40219.1
Project("{FAE04EC0-301F-11D3-BF4B-00C04F79EFBC}") = "Garages.API", "Garages.API\Garages.API.csproj", "{051FAE10-DAC2-4351-9CFC-CB0A1A51F696}"
EndProject
Project("{FAE04EC0-301F-11D3-BF4B-00C04F79EFBC}") = "Garages.Data", "Garages.Data\Garages.Data.csproj", "{A6883A85-4144-4441-A12E-D0D179B54E24}"
EndProject
Project("{FAE04EC0-301F-11D3-BF4B-00C04F79EFBC}") = "Garages.Repositories", "Garages.Repositories\Garages.Repositories.csproj", "{C993E848-C2D3-4C29-87A3-940747FC5A0D}"
EndProject
Global
	GlobalSection(SolutionConfigurationPlatforms) = preSolution
		Debug|Any CPU = Debug|Any CPU
		Release|Any CPU = Release|Any CPU
	EndGlobalSection
	GlobalSection(ProjectConfigurationPlatforms) = postSolution
		{051FAE10-DAC2-4351-9CFC-CB0A1A51F696}.Debug|Any CPU.ActiveCfg = Debug|Any CPU
		{051FAE10-DAC2-4351-9CFC-CB0A1A51F696}.Debug|Any CPU.Build.0 = Debug|Any CPU
		{051FAE10-DAC2-4351-9CFC-CB0A1A51F696}.Release|Any CPU.ActiveCfg = Release|Any CPU
		{051FAE10-DAC2-4351-9CFC-CB0A1A51F696}.Release|Any CPU.Build.0 = Release|Any CPU
		{A6883A85-4144-4441-A12E-D0D179B54E24}.Debug|Any CPU.ActiveCfg = Debug|Any CPU
		{A6883A85-4144-4441-A12E-D0D179B54E24}.Debug|Any CPU.Build.0 = Debug|Any CPU
		{A6883A85-4144-4441-A12E-D0D179B54E24}.Release|Any CPU.ActiveCfg = Release|Any CPU
		{A6883A85-4144-4441-A12E-D0D179B54E24}.Release|Any CPU.Build.0 = Release|Any CPU
		{C993E848-C2D3-4C29-87A3-940747FC5A0D}.Debug|Any CPU.ActiveCfg = Debug|Any CPU
		{C993E848-C2D3-4C29-87A3-940747FC5A0D}.Debug|Any CPU.Build.0 = Debug|Any CPU
		{C993E848-C2D3-4C29-87A3-940747FC5A0D}.Release|Any CPU.ActiveCfg = Release|Any CPU
		{C993E848-C2D3-4C29-87A3-940747FC5A0D}.Release|Any CPU.Build.0 = Release|Any CPU
	EndGlobalSection
	GlobalSection(SolutionProperties) = preSolution
		HideSolutionNode = FALSE
	EndGlobalSection
	GlobalSection(ExtensibilityGlobals) = postSolution
		SolutionGuid = {8835F529-3D9D-4C88-84E0-8E734CB4F21C}
	EndGlobalSection
EndGlobal
